
Microsoft Visual Studio Solution File, Format Version 12.00
# Visual Studio Version 17
VisualStudioVersion = 17.11.35312.102
MinimumVisualStudioVersion = 10.0.40219.1
Project("{FAE04EC0-301F-11D3-BF4B-00C04F79EFBC}") = "expense-tracker", "expense-tracker.csproj", "{64BC0188-A97F-48D0-B243-381D6D97D03E}"
EndProject
Global
	GlobalSection(SolutionConfigurationPlatforms) = preSolution
		Debug|Any CPU = Debug|Any CPU
		Release|Any CPU = Release|Any CPU
	EndGlobalSection
	GlobalSection(ProjectConfigurationPlatforms) = postSolution
		{64BC0188-A97F-48D0-B243-381D6D97D03E}.Debug|Any CPU.ActiveCfg = Debug|Any CPU
		{64BC0188-A97F-48D0-B243-381D6D97D03E}.Debug|Any CPU.Build.0 = Debug|Any CPU
		{64BC0188-A97F-48D0-B243-381D6D97D03E}.Release|Any CPU.ActiveCfg = Release|Any CPU
		{64BC0188-A97F-48D0-B243-381D6D97D03E}.Release|Any CPU.Build.0 = Release|Any CPU
	EndGlobalSection
	GlobalSection(SolutionProperties) = preSolution
		HideSolutionNode = FALSE
	EndGlobalSection
	GlobalSection(ExtensibilityGlobals) = postSolution
		SolutionGuid = {469D6393-6CA0-4898-B638-BC90073BFD77}
	EndGlobalSection
EndGlobal
